
Microsoft Visual Studio Solution File, Format Version 12.00
# Visual Studio 15
VisualStudioVersion = 15.0.28307.757
MinimumVisualStudioVersion = 10.0.40219.1
Project("{FAE04EC0-301F-11D3-BF4B-00C04F79EFBC}") = "WS_SoapPublierProduits", "WS_SoapPublierProduits.csproj", "{C92F55D9-2C95-4BCF-ACBC-2069042B9AFD}"
EndProject
Global
	GlobalSection(SolutionConfigurationPlatforms) = preSolution
		Debug|Any CPU = Debug|Any CPU
		Release|Any CPU = Release|Any CPU
	EndGlobalSection
	GlobalSection(ProjectConfigurationPlatforms) = postSolution
		{C92F55D9-2C95-4BCF-ACBC-2069042B9AFD}.Debug|Any CPU.ActiveCfg = Debug|Any CPU
		{C92F55D9-2C95-4BCF-ACBC-2069042B9AFD}.Debug|Any CPU.Build.0 = Debug|Any CPU
		{C92F55D9-2C95-4BCF-ACBC-2069042B9AFD}.Release|Any CPU.ActiveCfg = Release|Any CPU
		{C92F55D9-2C95-4BCF-ACBC-2069042B9AFD}.Release|Any CPU.Build.0 = Release|Any CPU
	EndGlobalSection
	GlobalSection(SolutionProperties) = preSolution
		HideSolutionNode = FALSE
	EndGlobalSection
	GlobalSection(ExtensibilityGlobals) = postSolution
		SolutionGuid = {48D7E246-076D-47B6-88E4-CEE0D40B03DA}
	EndGlobalSection
EndGlobal
